# Code generated by scarb DO NOT EDIT.
version = 1

[[package]]
name = "burn"
version = "0.1.0"
dependencies = [
 "garaga",
]

[[package]]
name = "garaga"
version = "0.18.0"
source = "git+https://github.com/keep-starknet-strange/garaga.git?tag=v0.18.0#1582fded827165532bebccc8a4b312058e5b34ca"

[[package]]
name = "mint"
version = "0.1.0"
dependencies = [
 "garaga",
]

[[package]]
name = "scripts"
version = "0.1.0"
dependencies = [
 "burn",
 "mint",
 "sncast_std",
 "token",
 "transfer",
]

[[package]]
name = "sncast_std"
version = "0.44.0"
source = "registry+https://scarbs.xyz/"
checksum = "sha256:2c55ead3e83ab65630f39ead9a9813f11812baa2322315165349d2560956904f"

[[package]]
name = "token"
version = "0.1.0"
dependencies = [
 "burn",
 "garaga",
 "mint",
 "transfer",
]

[[package]]
name = "transfer"
version = "0.1.0"
dependencies = [
 "garaga",
]
